
Microsoft Visual Studio Solution File, Format Version 11.00
# Visual Studio 2010
Project("{FAE04EC0-301F-11D3-BF4B-00C04F79EFBC}") = "UPDPharmacyUnity", "Assembly-CSharp-firstpass.csproj", "{320F264D-0DE8-497E-CAB5-D5B41AB52176}"
EndProject
Project("{FAE04EC0-301F-11D3-BF4B-00C04F79EFBC}") = "UPDPharmacyUnity", "Assembly-CSharp.csproj", "{CEBEFFF2-6CDF-5468-9109-4B379D83B426}"
EndProject
Project("{FAE04EC0-301F-11D3-BF4B-00C04F79EFBC}") = "UPDPharmacyUnity", "Assembly-CSharp-Editor.csproj", "{062D15FC-C9BB-04D9-2761-11C2FEE6DC11}"
EndProject
Global
	GlobalSection(SolutionConfigurationPlatforms) = preSolution
		Debug|Any CPU = Debug|Any CPU
		Release|Any CPU = Release|Any CPU
	EndGlobalSection
	GlobalSection(ProjectConfigurationPlatforms) = postSolution
		{320F264D-0DE8-497E-CAB5-D5B41AB52176}.Debug|Any CPU.ActiveCfg = Debug|Any CPU
		{320F264D-0DE8-497E-CAB5-D5B41AB52176}.Debug|Any CPU.Build.0 = Debug|Any CPU
		{320F264D-0DE8-497E-CAB5-D5B41AB52176}.Release|Any CPU.ActiveCfg = Release|Any CPU
		{320F264D-0DE8-497E-CAB5-D5B41AB52176}.Release|Any CPU.Build.0 = Release|Any CPU
		{CEBEFFF2-6CDF-5468-9109-4B379D83B426}.Debug|Any CPU.ActiveCfg = Debug|Any CPU
		{CEBEFFF2-6CDF-5468-9109-4B379D83B426}.Debug|Any CPU.Build.0 = Debug|Any CPU
		{CEBEFFF2-6CDF-5468-9109-4B379D83B426}.Release|Any CPU.ActiveCfg = Release|Any CPU
		{CEBEFFF2-6CDF-5468-9109-4B379D83B426}.Release|Any CPU.Build.0 = Release|Any CPU
		{062D15FC-C9BB-04D9-2761-11C2FEE6DC11}.Debug|Any CPU.ActiveCfg = Debug|Any CPU
		{062D15FC-C9BB-04D9-2761-11C2FEE6DC11}.Debug|Any CPU.Build.0 = Debug|Any CPU
		{062D15FC-C9BB-04D9-2761-11C2FEE6DC11}.Release|Any CPU.ActiveCfg = Release|Any CPU
		{062D15FC-C9BB-04D9-2761-11C2FEE6DC11}.Release|Any CPU.Build.0 = Release|Any CPU
	EndGlobalSection
	GlobalSection(SolutionProperties) = preSolution
		HideSolutionNode = FALSE
	EndGlobalSection
	GlobalSection(MonoDevelopProperties) = preSolution
		StartupItem = Assembly-CSharp.csproj
	EndGlobalSection
EndGlobal
